
Microsoft Visual Studio Solution File, Format Version 12.00
# Visual Studio Version 17
VisualStudioVersion = 17.0.31903.59
MinimumVisualStudioVersion = 10.0.40219.1
Project("{9A19103F-16F7-4668-BE54-9A1E7A4F7556}") = "EventBus.Messages", "src\SharedLib\EventBus.Messages\EventBus.Messages.csproj", "{04B11111-1111-4111-8111-111111111111}"
EndProject
Project("{9A19103F-16F7-4668-BE54-9A1E7A4F7556}") = "Shared.Auth", "src\SharedLib\Shared.Auth\Shared.Auth.csproj", "{04B22222-2222-4222-8222-222222222222}"
EndProject
Project("{9A19103F-16F7-4668-BE54-9A1E7A4F7556}") = "Shared.Logging", "src\SharedLib\Shared.Logging\Shared.Logging.csproj", "{04B33333-3333-4333-8333-333333333333}"
EndProject
Project("{9A19103F-16F7-4668-BE54-9A1E7A4F7556}") = "Shared.Infrastructure", "src\SharedLib\Shared.Infrastructure\Shared.Infrastructure.csproj", "{04B44444-4444-4444-8444-444444444444}"
EndProject
Project("{9A19103F-16F7-4668-BE54-9A1E7A4F7556}") = "Identity.API", "src\Services\Identity.API\Identity.API.csproj", "{04B55555-5555-4555-8555-555555555555}"
EndProject
Project("{9A19103F-16F7-4668-BE54-9A1E7A4F7556}") = "MasterData.API", "src\Services\MasterData.API\MasterData.API.csproj", "{04B66666-6666-4666-8666-666666666666}"
EndProject
Project("{9A19103F-16F7-4668-BE54-9A1E7A4F7556}") = "Production.API", "src\Services\Production.API\Production.API.csproj", "{04B77777-7777-4777-8777-777777777777}"
EndProject
Project("{9A19103F-16F7-4668-BE54-9A1E7A4F7556}") = "QC.API", "src\Services\QC.API\QC.API.csproj", "{04B88888-8888-4888-8888-888888888888}"
EndProject
Project("{9A19103F-16F7-4668-BE54-9A1E7A4F7556}") = "Purchasing.API", "src\Services\Purchasing.API\Purchasing.API.csproj", "{04B99999-9999-4999-8999-999999999999}"
EndProject
Project("{9A19103F-16F7-4668-BE54-9A1E7A4F7556}") = "Web.Gateway", "src\ApiGateways\Web.Gateway\Web.Gateway.csproj", "{04BAAAAA-AAAA-4AAA-8AAA-AAAAAAAAAAAA}"
EndProject
Project("{2150E333-8FDC-42A3-9474-1A3956D46DE8}") = "tests", "tests", "{0AB3BF05-4346-4AA6-1389-037BE0695223}"
EndProject
Project("{2150E333-8FDC-42A3-9474-1A3956D46DE8}") = "Services", "Services", "{4353066B-F410-E540-F593-55E469B78A5F}"
EndProject
Project("{FAE04EC0-301F-11D3-BF4B-00C04F79EFBC}") = "QC.API.Tests", "tests\Services\QC.API.Tests\QC.API.Tests.csproj", "{669C4162-907B-4EF7-B147-4784774F476F}"
EndProject
Project("{2150E333-8FDC-42A3-9474-1A3956D46DE8}") = "src", "src", "{827E0CD3-B72D-47B6-A68D-7590B98EB39B}"
EndProject
Project("{2150E333-8FDC-42A3-9474-1A3956D46DE8}") = "Services", "Services", "{984BB9B3-3FA3-BE33-9484-CAC21695A33C}"
EndProject
Project("{FAE04EC0-301F-11D3-BF4B-00C04F79EFBC}") = "Production.API.Tests", "tests\Services\Production.API.Tests\Production.API.Tests.csproj", "{BE4C8F79-0630-4E69-BA96-88065BA25E6D}"
EndProject
Project("{2150E333-8FDC-42A3-9474-1A3956D46DE8}") = "SharedLib", "SharedLib", "{47074DE1-7468-599C-63F3-1F1CE53C07B6}"
EndProject
Project("{FAE04EC0-301F-11D3-BF4B-00C04F79EFBC}") = "Purchasing.API.Tests", "tests\Services\Purchasing.API.Tests\Purchasing.API.Tests.csproj", "{499BBA13-98FD-4846-BF80-F63C4F87AAFA}"
EndProject
Project("{FAE04EC0-301F-11D3-BF4B-00C04F79EFBC}") = "Finance.API", "src\Services\Finance.API\Finance.API.csproj", "{00E99810-8DCE-4C59-B2CD-B4084758FE1A}"
EndProject
Project("{FAE04EC0-301F-11D3-BF4B-00C04F79EFBC}") = "Finance.API.Tests", "tests\Services\Finance.API.Tests\Finance.API.Tests.csproj", "{54D22C7C-DE7F-4A01-8603-EE4B1EDE72C0}"
EndProject
Project("{FAE04EC0-301F-11D3-BF4B-00C04F79EFBC}") = "Identity.API.Tests", "tests\Identity.API.Tests\Identity.API.Tests.csproj", "{2975DEFE-0278-4FF5-8D92-2B0A53DCB513}"
EndProject
Project("{FAE04EC0-301F-11D3-BF4B-00C04F79EFBC}") = "MasterData.API.Tests", "tests\MasterData.API.Tests\MasterData.API.Tests.csproj", "{2D45BFFA-A415-4B05-A07A-A76A8185CEE2}"
EndProject
Global
	GlobalSection(SolutionConfigurationPlatforms) = preSolution
		Debug|Any CPU = Debug|Any CPU
		Debug|x64 = Debug|x64
		Debug|x86 = Debug|x86
		Release|Any CPU = Release|Any CPU
		Release|x64 = Release|x64
		Release|x86 = Release|x86
	EndGlobalSection
	GlobalSection(ProjectConfigurationPlatforms) = postSolution
		{04B11111-1111-4111-8111-111111111111}.Debug|Any CPU.ActiveCfg = Debug|Any CPU
		{04B11111-1111-4111-8111-111111111111}.Debug|Any CPU.Build.0 = Debug|Any CPU
		{04B11111-1111-4111-8111-111111111111}.Debug|x64.ActiveCfg = Debug|Any CPU
		{04B11111-1111-4111-8111-111111111111}.Debug|x64.Build.0 = Debug|Any CPU
		{04B11111-1111-4111-8111-111111111111}.Debug|x86.ActiveCfg = Debug|Any CPU
		{04B11111-1111-4111-8111-111111111111}.Debug|x86.Build.0 = Debug|Any CPU
		{04B11111-1111-4111-8111-111111111111}.Release|Any CPU.ActiveCfg = Release|Any CPU
		{04B11111-1111-4111-8111-111111111111}.Release|Any CPU.Build.0 = Release|Any CPU
		{04B11111-1111-4111-8111-111111111111}.Release|x64.ActiveCfg = Release|Any CPU
		{04B11111-1111-4111-8111-111111111111}.Release|x64.Build.0 = Release|Any CPU
		{04B11111-1111-4111-8111-111111111111}.Release|x86.ActiveCfg = Release|Any CPU
		{04B11111-1111-4111-8111-111111111111}.Release|x86.Build.0 = Release|Any CPU
		{04B22222-2222-4222-8222-222222222222}.Debug|Any CPU.ActiveCfg = Debug|Any CPU
		{04B22222-2222-4222-8222-222222222222}.Debug|Any CPU.Build.0 = Debug|Any CPU
		{04B22222-2222-4222-8222-222222222222}.Debug|x64.ActiveCfg = Debug|Any CPU
		{04B22222-2222-4222-8222-222222222222}.Debug|x64.Build.0 = Debug|Any CPU
		{04B22222-2222-4222-8222-222222222222}.Debug|x86.ActiveCfg = Debug|Any CPU
		{04B22222-2222-4222-8222-222222222222}.Debug|x86.Build.0 = Debug|Any CPU
		{04B22222-2222-4222-8222-222222222222}.Release|Any CPU.ActiveCfg = Release|Any CPU
		{04B22222-2222-4222-8222-222222222222}.Release|Any CPU.Build.0 = Release|Any CPU
		{04B22222-2222-4222-8222-222222222222}.Release|x64.ActiveCfg = Release|Any CPU
		{04B22222-2222-4222-8222-222222222222}.Release|x64.Build.0 = Release|Any CPU
		{04B22222-2222-4222-8222-222222222222}.Release|x86.ActiveCfg = Release|Any CPU
		{04B22222-2222-4222-8222-222222222222}.Release|x86.Build.0 = Release|Any CPU
		{04B33333-3333-4333-8333-333333333333}.Debug|Any CPU.ActiveCfg = Debug|Any CPU
		{04B33333-3333-4333-8333-333333333333}.Debug|Any CPU.Build.0 = Debug|Any CPU
		{04B33333-3333-4333-8333-333333333333}.Debug|x64.ActiveCfg = Debug|Any CPU
		{04B33333-3333-4333-8333-333333333333}.Debug|x64.Build.0 = Debug|Any CPU
		{04B33333-3333-4333-8333-333333333333}.Debug|x86.ActiveCfg = Debug|Any CPU
		{04B33333-3333-4333-8333-333333333333}.Debug|x86.Build.0 = Debug|Any CPU
		{04B33333-3333-4333-8333-333333333333}.Release|Any CPU.ActiveCfg = Release|Any CPU
		{04B33333-3333-4333-8333-333333333333}.Release|Any CPU.Build.0 = Release|Any CPU
		{04B33333-3333-4333-8333-333333333333}.Release|x64.ActiveCfg = Release|Any CPU
		{04B33333-3333-4333-8333-333333333333}.Release|x64.Build.0 = Release|Any CPU
		{04B33333-3333-4333-8333-333333333333}.Release|x86.ActiveCfg = Release|Any CPU
		{04B33333-3333-4333-8333-333333333333}.Release|x86.Build.0 = Release|Any CPU
		{04B44444-4444-4444-8444-444444444444}.Debug|Any CPU.ActiveCfg = Debug|Any CPU
		{04B44444-4444-4444-8444-444444444444}.Debug|Any CPU.Build.0 = Debug|Any CPU
		{04B44444-4444-4444-8444-444444444444}.Debug|x64.ActiveCfg = Debug|Any CPU
		{04B44444-4444-4444-8444-444444444444}.Debug|x64.Build.0 = Debug|Any CPU
		{04B44444-4444-4444-8444-444444444444}.Debug|x86.ActiveCfg = Debug|Any CPU
		{04B44444-4444-4444-8444-444444444444}.Debug|x86.Build.0 = Debug|Any CPU
		{04B44444-4444-4444-8444-444444444444}.Release|Any CPU.ActiveCfg = Release|Any CPU
		{04B44444-4444-4444-8444-444444444444}.Release|Any CPU.Build.0 = Release|Any CPU
		{04B44444-4444-4444-8444-444444444444}.Release|x64.ActiveCfg = Release|Any CPU
		{04B44444-4444-4444-8444-444444444444}.Release|x64.Build.0 = Release|Any CPU
		{04B44444-4444-4444-8444-444444444444}.Release|x86.ActiveCfg = Release|Any CPU
		{04B44444-4444-4444-8444-444444444444}.Release|x86.Build.0 = Release|Any CPU
		{04B55555-5555-4555-8555-555555555555}.Debug|Any CPU.ActiveCfg = Debug|Any CPU
		{04B55555-5555-4555-8555-555555555555}.Debug|Any CPU.Build.0 = Debug|Any CPU
		{04B55555-5555-4555-8555-555555555555}.Debug|x64.ActiveCfg = Debug|Any CPU
		{04B55555-5555-4555-8555-555555555555}.Debug|x64.Build.0 = Debug|Any CPU
		{04B55555-5555-4555-8555-555555555555}.Debug|x86.ActiveCfg = Debug|Any CPU
		{04B55555-5555-4555-8555-555555555555}.Debug|x86.Build.0 = Debug|Any CPU
		{04B55555-5555-4555-8555-555555555555}.Release|Any CPU.ActiveCfg = Release|Any CPU
		{04B55555-5555-4555-8555-555555555555}.Release|Any CPU.Build.0 = Release|Any CPU
		{04B55555-5555-4555-8555-555555555555}.Release|x64.ActiveCfg = Release|Any CPU
		{04B55555-5555-4555-8555-555555555555}.Release|x64.Build.0 = Release|Any CPU
		{04B55555-5555-4555-8555-555555555555}.Release|x86.ActiveCfg = Release|Any CPU
		{04B55555-5555-4555-8555-555555555555}.Release|x86.Build.0 = Release|Any CPU
		{04B66666-6666-4666-8666-666666666666}.Debug|Any CPU.ActiveCfg = Debug|Any CPU
		{04B66666-6666-4666-8666-666666666666}.Debug|Any CPU.Build.0 = Debug|Any CPU
		{04B66666-6666-4666-8666-666666666666}.Debug|x64.ActiveCfg = Debug|Any CPU
		{04B66666-6666-4666-8666-666666666666}.Debug|x64.Build.0 = Debug|Any CPU
		{04B66666-6666-4666-8666-666666666666}.Debug|x86.ActiveCfg = Debug|Any CPU
		{04B66666-6666-4666-8666-666666666666}.Debug|x86.Build.0 = Debug|Any CPU
		{04B66666-6666-4666-8666-666666666666}.Release|Any CPU.ActiveCfg = Release|Any CPU
		{04B66666-6666-4666-8666-666666666666}.Release|Any CPU.Build.0 = Release|Any CPU
		{04B66666-6666-4666-8666-666666666666}.Release|x64.ActiveCfg = Release|Any CPU
		{04B66666-6666-4666-8666-666666666666}.Release|x64.Build.0 = Release|Any CPU
		{04B66666-6666-4666-8666-666666666666}.Release|x86.ActiveCfg = Release|Any CPU
		{04B66666-6666-4666-8666-666666666666}.Release|x86.Build.0 = Release|Any CPU
		{04B77777-7777-4777-8777-777777777777}.Debug|Any CPU.ActiveCfg = Debug|Any CPU
		{04B77777-7777-4777-8777-777777777777}.Debug|Any CPU.Build.0 = Debug|Any CPU
		{04B77777-7777-4777-8777-777777777777}.Debug|x64.ActiveCfg = Debug|Any CPU
		{04B77777-7777-4777-8777-777777777777}.Debug|x64.Build.0 = Debug|Any CPU
		{04B77777-7777-4777-8777-777777777777}.Debug|x86.ActiveCfg = Debug|Any CPU
		{04B77777-7777-4777-8777-777777777777}.Debug|x86.Build.0 = Debug|Any CPU
		{04B77777-7777-4777-8777-777777777777}.Release|Any CPU.ActiveCfg = Release|Any CPU
		{04B77777-7777-4777-8777-777777777777}.Release|Any CPU.Build.0 = Release|Any CPU
		{04B77777-7777-4777-8777-777777777777}.Release|x64.ActiveCfg = Release|Any CPU
		{04B77777-7777-4777-8777-777777777777}.Release|x64.Build.0 = Release|Any CPU
		{04B77777-7777-4777-8777-777777777777}.Release|x86.ActiveCfg = Release|Any CPU
		{04B77777-7777-4777-8777-777777777777}.Release|x86.Build.0 = Release|Any CPU
		{04B88888-8888-4888-8888-888888888888}.Debug|Any CPU.ActiveCfg = Debug|Any CPU
		{04B88888-8888-4888-8888-888888888888}.Debug|Any CPU.Build.0 = Debug|Any CPU
		{04B88888-8888-4888-8888-888888888888}.Debug|x64.ActiveCfg = Debug|Any CPU
		{04B88888-8888-4888-8888-888888888888}.Debug|x64.Build.0 = Debug|Any CPU
		{04B88888-8888-4888-8888-888888888888}.Debug|x86.ActiveCfg = Debug|Any CPU
		{04B88888-8888-4888-8888-888888888888}.Debug|x86.Build.0 = Debug|Any CPU
		{04B88888-8888-4888-8888-888888888888}.Release|Any CPU.ActiveCfg = Release|Any CPU
		{04B88888-8888-4888-8888-888888888888}.Release|Any CPU.Build.0 = Release|Any CPU
		{04B88888-8888-4888-8888-888888888888}.Release|x64.ActiveCfg = Release|Any CPU
		{04B88888-8888-4888-8888-888888888888}.Release|x64.Build.0 = Release|Any CPU
		{04B88888-8888-4888-8888-888888888888}.Release|x86.ActiveCfg = Release|Any CPU
		{04B88888-8888-4888-8888-888888888888}.Release|x86.Build.0 = Release|Any CPU
		{04B99999-9999-4999-8999-999999999999}.Debug|Any CPU.ActiveCfg = Debug|Any CPU
		{04B99999-9999-4999-8999-999999999999}.Debug|Any CPU.Build.0 = Debug|Any CPU
		{04B99999-9999-4999-8999-999999999999}.Debug|x64.ActiveCfg = Debug|Any CPU
		{04B99999-9999-4999-8999-999999999999}.Debug|x64.Build.0 = Debug|Any CPU
		{04B99999-9999-4999-8999-999999999999}.Debug|x86.ActiveCfg = Debug|Any CPU
		{04B99999-9999-4999-8999-999999999999}.Debug|x86.Build.0 = Debug|Any CPU
		{04B99999-9999-4999-8999-999999999999}.Release|Any CPU.ActiveCfg = Release|Any CPU
		{04B99999-9999-4999-8999-999999999999}.Release|Any CPU.Build.0 = Release|Any CPU
		{04B99999-9999-4999-8999-999999999999}.Release|x64.ActiveCfg = Release|Any CPU
		{04B99999-9999-4999-8999-999999999999}.Release|x64.Build.0 = Release|Any CPU
		{04B99999-9999-4999-8999-999999999999}.Release|x86.ActiveCfg = Release|Any CPU
		{04B99999-9999-4999-8999-999999999999}.Release|x86.Build.0 = Release|Any CPU
		{04BAAAAA-AAAA-4AAA-8AAA-AAAAAAAAAAAA}.Debug|Any CPU.ActiveCfg = Debug|Any CPU
		{04BAAAAA-AAAA-4AAA-8AAA-AAAAAAAAAAAA}.Debug|Any CPU.Build.0 = Debug|Any CPU
		{04BAAAAA-AAAA-4AAA-8AAA-AAAAAAAAAAAA}.Debug|x64.ActiveCfg = Debug|Any CPU
		{04BAAAAA-AAAA-4AAA-8AAA-AAAAAAAAAAAA}.Debug|x64.Build.0 = Debug|Any CPU
		{04BAAAAA-AAAA-4AAA-8AAA-AAAAAAAAAAAA}.Debug|x86.ActiveCfg = Debug|Any CPU
		{04BAAAAA-AAAA-4AAA-8AAA-AAAAAAAAAAAA}.Debug|x86.Build.0 = Debug|Any CPU
		{04BAAAAA-AAAA-4AAA-8AAA-AAAAAAAAAAAA}.Release|Any CPU.ActiveCfg = Release|Any CPU
		{04BAAAAA-AAAA-4AAA-8AAA-AAAAAAAAAAAA}.Release|Any CPU.Build.0 = Release|Any CPU
		{04BAAAAA-AAAA-4AAA-8AAA-AAAAAAAAAAAA}.Release|x64.ActiveCfg = Release|Any CPU
		{04BAAAAA-AAAA-4AAA-8AAA-AAAAAAAAAAAA}.Release|x64.Build.0 = Release|Any CPU
		{04BAAAAA-AAAA-4AAA-8AAA-AAAAAAAAAAAA}.Release|x86.ActiveCfg = Release|Any CPU
		{04BAAAAA-AAAA-4AAA-8AAA-AAAAAAAAAAAA}.Release|x86.Build.0 = Release|Any CPU
		{669C4162-907B-4EF7-B147-4784774F476F}.Debug|Any CPU.ActiveCfg = Debug|Any CPU
		{669C4162-907B-4EF7-B147-4784774F476F}.Debug|Any CPU.Build.0 = Debug|Any CPU
		{669C4162-907B-4EF7-B147-4784774F476F}.Debug|x64.ActiveCfg = Debug|Any CPU
		{669C4162-907B-4EF7-B147-4784774F476F}.Debug|x64.Build.0 = Debug|Any CPU
		{669C4162-907B-4EF7-B147-4784774F476F}.Debug|x86.ActiveCfg = Debug|Any CPU
		{669C4162-907B-4EF7-B147-4784774F476F}.Debug|x86.Build.0 = Debug|Any CPU
		{669C4162-907B-4EF7-B147-4784774F476F}.Release|Any CPU.ActiveCfg = Release|Any CPU
		{669C4162-907B-4EF7-B147-4784774F476F}.Release|Any CPU.Build.0 = Release|Any CPU
		{669C4162-907B-4EF7-B147-4784774F476F}.Release|x64.ActiveCfg = Release|Any CPU
		{669C4162-907B-4EF7-B147-4784774F476F}.Release|x64.Build.0 = Release|Any CPU
		{669C4162-907B-4EF7-B147-4784774F476F}.Release|x86.ActiveCfg = Release|Any CPU
		{669C4162-907B-4EF7-B147-4784774F476F}.Release|x86.Build.0 = Release|Any CPU
		{BE4C8F79-0630-4E69-BA96-88065BA25E6D}.Debug|Any CPU.ActiveCfg = Debug|Any CPU
		{BE4C8F79-0630-4E69-BA96-88065BA25E6D}.Debug|Any CPU.Build.0 = Debug|Any CPU
		{BE4C8F79-0630-4E69-BA96-88065BA25E6D}.Debug|x64.ActiveCfg = Debug|Any CPU
		{BE4C8F79-0630-4E69-BA96-88065BA25E6D}.Debug|x64.Build.0 = Debug|Any CPU
		{BE4C8F79-0630-4E69-BA96-88065BA25E6D}.Debug|x86.ActiveCfg = Debug|Any CPU
		{BE4C8F79-0630-4E69-BA96-88065BA25E6D}.Debug|x86.Build.0 = Debug|Any CPU
		{BE4C8F79-0630-4E69-BA96-88065BA25E6D}.Release|Any CPU.ActiveCfg = Release|Any CPU
		{BE4C8F79-0630-4E69-BA96-88065BA25E6D}.Release|Any CPU.Build.0 = Release|Any CPU
		{BE4C8F79-0630-4E69-BA96-88065BA25E6D}.Release|x64.ActiveCfg = Release|Any CPU
		{BE4C8F79-0630-4E69-BA96-88065BA25E6D}.Release|x64.Build.0 = Release|Any CPU
		{BE4C8F79-0630-4E69-BA96-88065BA25E6D}.Release|x86.ActiveCfg = Release|Any CPU
		{BE4C8F79-0630-4E69-BA96-88065BA25E6D}.Release|x86.Build.0 = Release|Any CPU
		{499BBA13-98FD-4846-BF80-F63C4F87AAFA}.Debug|Any CPU.ActiveCfg = Debug|Any CPU
		{499BBA13-98FD-4846-BF80-F63C4F87AAFA}.Debug|Any CPU.Build.0 = Debug|Any CPU
		{499BBA13-98FD-4846-BF80-F63C4F87AAFA}.Debug|x64.ActiveCfg = Debug|Any CPU
		{499BBA13-98FD-4846-BF80-F63C4F87AAFA}.Debug|x64.Build.0 = Debug|Any CPU
		{499BBA13-98FD-4846-BF80-F63C4F87AAFA}.Debug|x86.ActiveCfg = Debug|Any CPU
		{499BBA13-98FD-4846-BF80-F63C4F87AAFA}.Debug|x86.Build.0 = Debug|Any CPU
		{499BBA13-98FD-4846-BF80-F63C4F87AAFA}.Release|Any CPU.ActiveCfg = Release|Any CPU
		{499BBA13-98FD-4846-BF80-F63C4F87AAFA}.Release|Any CPU.Build.0 = Release|Any CPU
		{499BBA13-98FD-4846-BF80-F63C4F87AAFA}.Release|x64.ActiveCfg = Release|Any CPU
		{499BBA13-98FD-4846-BF80-F63C4F87AAFA}.Release|x64.Build.0 = Release|Any CPU
		{499BBA13-98FD-4846-BF80-F63C4F87AAFA}.Release|x86.ActiveCfg = Release|Any CPU
		{499BBA13-98FD-4846-BF80-F63C4F87AAFA}.Release|x86.Build.0 = Release|Any CPU
		{00E99810-8DCE-4C59-B2CD-B4084758FE1A}.Debug|Any CPU.ActiveCfg = Debug|Any CPU
		{00E99810-8DCE-4C59-B2CD-B4084758FE1A}.Debug|Any CPU.Build.0 = Debug|Any CPU
		{00E99810-8DCE-4C59-B2CD-B4084758FE1A}.Debug|x64.ActiveCfg = Debug|Any CPU
		{00E99810-8DCE-4C59-B2CD-B4084758FE1A}.Debug|x64.Build.0 = Debug|Any CPU
		{00E99810-8DCE-4C59-B2CD-B4084758FE1A}.Debug|x86.ActiveCfg = Debug|Any CPU
		{00E99810-8DCE-4C59-B2CD-B4084758FE1A}.Debug|x86.Build.0 = Debug|Any CPU
		{00E99810-8DCE-4C59-B2CD-B4084758FE1A}.Release|Any CPU.ActiveCfg = Release|Any CPU
		{00E99810-8DCE-4C59-B2CD-B4084758FE1A}.Release|Any CPU.Build.0 = Release|Any CPU
		{00E99810-8DCE-4C59-B2CD-B4084758FE1A}.Release|x64.ActiveCfg = Release|Any CPU
		{00E99810-8DCE-4C59-B2CD-B4084758FE1A}.Release|x64.Build.0 = Release|Any CPU
		{00E99810-8DCE-4C59-B2CD-B4084758FE1A}.Release|x86.ActiveCfg = Release|Any CPU
		{00E99810-8DCE-4C59-B2CD-B4084758FE1A}.Release|x86.Build.0 = Release|Any CPU
		{54D22C7C-DE7F-4A01-8603-EE4B1EDE72C0}.Debug|Any CPU.ActiveCfg = Debug|Any CPU
		{54D22C7C-DE7F-4A01-8603-EE4B1EDE72C0}.Debug|Any CPU.Build.0 = Debug|Any CPU
		{54D22C7C-DE7F-4A01-8603-EE4B1EDE72C0}.Debug|x64.ActiveCfg = Debug|Any CPU
		{54D22C7C-DE7F-4A01-8603-EE4B1EDE72C0}.Debug|x64.Build.0 = Debug|Any CPU
		{54D22C7C-DE7F-4A01-8603-EE4B1EDE72C0}.Debug|x86.ActiveCfg = Debug|Any CPU
		{54D22C7C-DE7F-4A01-8603-EE4B1EDE72C0}.Debug|x86.Build.0 = Debug|Any CPU
		{54D22C7C-DE7F-4A01-8603-EE4B1EDE72C0}.Release|Any CPU.ActiveCfg = Release|Any CPU
		{54D22C7C-DE7F-4A01-8603-EE4B1EDE72C0}.Release|Any CPU.Build.0 = Release|Any CPU
		{54D22C7C-DE7F-4A01-8603-EE4B1EDE72C0}.Release|x64.ActiveCfg = Release|Any CPU
		{54D22C7C-DE7F-4A01-8603-EE4B1EDE72C0}.Release|x64.Build.0 = Release|Any CPU
		{54D22C7C-DE7F-4A01-8603-EE4B1EDE72C0}.Release|x86.ActiveCfg = Release|Any CPU
		{54D22C7C-DE7F-4A01-8603-EE4B1EDE72C0}.Release|x86.Build.0 = Release|Any CPU
		{2975DEFE-0278-4FF5-8D92-2B0A53DCB513}.Debug|Any CPU.ActiveCfg = Debug|Any CPU
		{2975DEFE-0278-4FF5-8D92-2B0A53DCB513}.Debug|Any CPU.Build.0 = Debug|Any CPU
		{2975DEFE-0278-4FF5-8D92-2B0A53DCB513}.Debug|x64.ActiveCfg = Debug|Any CPU
		{2975DEFE-0278-4FF5-8D92-2B0A53DCB513}.Debug|x64.Build.0 = Debug|Any CPU
		{2975DEFE-0278-4FF5-8D92-2B0A53DCB513}.Debug|x86.ActiveCfg = Debug|Any CPU
		{2975DEFE-0278-4FF5-8D92-2B0A53DCB513}.Debug|x86.Build.0 = Debug|Any CPU
		{2975DEFE-0278-4FF5-8D92-2B0A53DCB513}.Release|Any CPU.ActiveCfg = Release|Any CPU
		{2975DEFE-0278-4FF5-8D92-2B0A53DCB513}.Release|Any CPU.Build.0 = Release|Any CPU
		{2975DEFE-0278-4FF5-8D92-2B0A53DCB513}.Release|x64.ActiveCfg = Release|Any CPU
		{2975DEFE-0278-4FF5-8D92-2B0A53DCB513}.Release|x64.Build.0 = Release|Any CPU
		{2975DEFE-0278-4FF5-8D92-2B0A53DCB513}.Release|x86.ActiveCfg = Release|Any CPU
		{2975DEFE-0278-4FF5-8D92-2B0A53DCB513}.Release|x86.Build.0 = Release|Any CPU
		{2D45BFFA-A415-4B05-A07A-A76A8185CEE2}.Debug|Any CPU.ActiveCfg = Debug|Any CPU
		{2D45BFFA-A415-4B05-A07A-A76A8185CEE2}.Debug|Any CPU.Build.0 = Debug|Any CPU
		{2D45BFFA-A415-4B05-A07A-A76A8185CEE2}.Debug|x64.ActiveCfg = Debug|Any CPU
		{2D45BFFA-A415-4B05-A07A-A76A8185CEE2}.Debug|x64.Build.0 = Debug|Any CPU
		{2D45BFFA-A415-4B05-A07A-A76A8185CEE2}.Debug|x86.ActiveCfg = Debug|Any CPU
		{2D45BFFA-A415-4B05-A07A-A76A8185CEE2}.Debug|x86.Build.0 = Debug|Any CPU
		{2D45BFFA-A415-4B05-A07A-A76A8185CEE2}.Release|Any CPU.ActiveCfg = Release|Any CPU
		{2D45BFFA-A415-4B05-A07A-A76A8185CEE2}.Release|Any CPU.Build.0 = Release|Any CPU
		{2D45BFFA-A415-4B05-A07A-A76A8185CEE2}.Release|x64.ActiveCfg = Release|Any CPU
		{2D45BFFA-A415-4B05-A07A-A76A8185CEE2}.Release|x64.Build.0 = Release|Any CPU
		{2D45BFFA-A415-4B05-A07A-A76A8185CEE2}.Release|x86.ActiveCfg = Release|Any CPU
		{2D45BFFA-A415-4B05-A07A-A76A8185CEE2}.Release|x86.Build.0 = Release|Any CPU
	EndGlobalSection
	GlobalSection(SolutionProperties) = preSolution
		HideSolutionNode = FALSE
	EndGlobalSection
	GlobalSection(NestedProjects) = preSolution
		{4353066B-F410-E540-F593-55E469B78A5F} = {0AB3BF05-4346-4AA6-1389-037BE0695223}
		{669C4162-907B-4EF7-B147-4784774F476F} = {4353066B-F410-E540-F593-55E469B78A5F}
		{984BB9B3-3FA3-BE33-9484-CAC21695A33C} = {827E0CD3-B72D-47B6-A68D-7590B98EB39B}
		{BE4C8F79-0630-4E69-BA96-88065BA25E6D} = {4353066B-F410-E540-F593-55E469B78A5F}
		{47074DE1-7468-599C-63F3-1F1CE53C07B6} = {827E0CD3-B72D-47B6-A68D-7590B98EB39B}
		{499BBA13-98FD-4846-BF80-F63C4F87AAFA} = {4353066B-F410-E540-F593-55E469B78A5F}
		{00E99810-8DCE-4C59-B2CD-B4084758FE1A} = {984BB9B3-3FA3-BE33-9484-CAC21695A33C}
		{54D22C7C-DE7F-4A01-8603-EE4B1EDE72C0} = {4353066B-F410-E540-F593-55E469B78A5F}
		{2975DEFE-0278-4FF5-8D92-2B0A53DCB513} = {0AB3BF05-4346-4AA6-1389-037BE0695223}
		{2D45BFFA-A415-4B05-A07A-A76A8185CEE2} = {0AB3BF05-4346-4AA6-1389-037BE0695223}
	EndGlobalSection
EndGlobal
