<Solution>
  <Project Path="src/SharedLib/EventBus.Messages/EventBus.Messages.csproj" />
  <Project Path="src/SharedLib/Shared.Auth/Shared.Auth.csproj" />
  <Project Path="src/SharedLib/Shared.Logging/Shared.Logging.csproj" />
  <Project Path="src/SharedLib/Shared.Infrastructure/Shared.Infrastructure.csproj" />
  <Project Path="src/Services/Identity.API/Identity.API.csproj" />
  <Project Path="src/Services/MasterData.API/MasterData.API.csproj" />
  <Project Path="src/Services/Production.API/Production.API.csproj" />
  <Project Path="src/Services/QC.API/QC.API.csproj" />
  <Project Path="src/Services/Purchasing.API/Purchasing.API.csproj" />
  <Project Path="src/ApiGateways/Web.Gateway/Web.Gateway.csproj" />
  <Project Path="tests/Services/QC.API.Tests/QC.API.Tests.csproj" />
  <Project Path="tests/Services/Production.API.Tests/Production.API.Tests.csproj" />
  <Project Path="tests/Services/Purchasing.API.Tests/Purchasing.API.Tests.csproj" />
</Solution>
